
Microsoft Visual Studio Solution File, Format Version 12.00
# Visual Studio Version 16
VisualStudioVersion = 16.0.30320.27
MinimumVisualStudioVersion = 10.0.40219.1
Project("{FAE04EC0-301F-11D3-BF4B-00C04F79EFBC}") = "RukaLjubavi.API", "RukaLjubavi.API\RukaLjubavi.API.csproj", "{6ED20897-D33F-49A6-B756-4B035A2C3894}"
EndProject
Global
	GlobalSection(SolutionConfigurationPlatforms) = preSolution
		Debug|Any CPU = Debug|Any CPU
		Release|Any CPU = Release|Any CPU
	EndGlobalSection
	GlobalSection(ProjectConfigurationPlatforms) = postSolution
		{6ED20897-D33F-49A6-B756-4B035A2C3894}.Debug|Any CPU.ActiveCfg = Debug|Any CPU
		{6ED20897-D33F-49A6-B756-4B035A2C3894}.Debug|Any CPU.Build.0 = Debug|Any CPU
		{6ED20897-D33F-49A6-B756-4B035A2C3894}.Release|Any CPU.ActiveCfg = Release|Any CPU
		{6ED20897-D33F-49A6-B756-4B035A2C3894}.Release|Any CPU.Build.0 = Release|Any CPU
	EndGlobalSection
	GlobalSection(SolutionProperties) = preSolution
		HideSolutionNode = FALSE
	EndGlobalSection
	GlobalSection(ExtensibilityGlobals) = postSolution
		SolutionGuid = {EC09369D-EE3F-4D67-88C9-370898846F6A}
	EndGlobalSection
EndGlobal
